
Microsoft Visual Studio Solution File, Format Version 12.00
# Visual Studio 15
VisualStudioVersion = 15.0.28010.2016
MinimumVisualStudioVersion = 10.0.40219.1
Project("{FAE04EC0-301F-11D3-BF4B-00C04F79EFBC}") = "Memory Game", "Memory Game\Memory Game.csproj", "{8D89DD34-2185-4627-BDF5-A12D160F6107}"
EndProject
Global
	GlobalSection(SolutionConfigurationPlatforms) = preSolution
		Debug|Any CPU = Debug|Any CPU
		Release|Any CPU = Release|Any CPU
	EndGlobalSection
	GlobalSection(ProjectConfigurationPlatforms) = postSolution
		{8D89DD34-2185-4627-BDF5-A12D160F6107}.Debug|Any CPU.ActiveCfg = Debug|Any CPU
		{8D89DD34-2185-4627-BDF5-A12D160F6107}.Debug|Any CPU.Build.0 = Debug|Any CPU
		{8D89DD34-2185-4627-BDF5-A12D160F6107}.Release|Any CPU.ActiveCfg = Release|Any CPU
		{8D89DD34-2185-4627-BDF5-A12D160F6107}.Release|Any CPU.Build.0 = Release|Any CPU
	EndGlobalSection
	GlobalSection(SolutionProperties) = preSolution
		HideSolutionNode = FALSE
	EndGlobalSection
	GlobalSection(ExtensibilityGlobals) = postSolution
		SolutionGuid = {AB34D789-C29E-48B7-92C8-EAC906DB046F}
	EndGlobalSection
EndGlobal
